<?xml version="1.0" encoding="utf-8"?>
<Project ToolsVersion="4.0" xmlns="http://schemas.microsoft.com/developer/msbuild/2003">
  <ItemGroup>
    <Filter Include="Assets">
      <UniqueIdentifier>65475608-2e3a-4733-b32d-87f4f55cd801</UniqueIdentifier>
      <Extensions>ico;cur;bmp;dds;dlg;fbx;rct;bin;rgs;gif;jpg;jpeg;jpe;resx;tga;tiff;tif;png;wav;mfcribbon-ms</Extensions>
    </Filter>
    <Filter Include="NewShunLib">
      <UniqueIdentifier>{70155d1f-6dd5-40e3-8c01-487d0b83af64}</UniqueIdentifier>
    </Filter>
    <Filter Include="Game">
      <UniqueIdentifier>{8e36c6c7-4785-40ae-ad7f-88de37a51076}</UniqueIdentifier>
    </Filter>
    <Filter Include="Assets\Model">
      <UniqueIdentifier>{68036d42-898d-4450-973f-5bdb25231ca1}</UniqueIdentifier>
    </Filter>
    <Filter Include="Game\Util">
      <UniqueIdentifier>{8fa54e67-96ac-47c0-af37-cb7dd210b3ab}</UniqueIdentifier>
    </Filter>
    <Filter Include="Game\Util\Debugger">
      <UniqueIdentifier>{b6a10414-e7d5-4f33-ab7a-d275fd45d232}</UniqueIdentifier>
    </Filter>
    <Filter Include="Game\Util\Debugger\imgui">
      <UniqueIdentifier>{27996c24-bb01-411e-976a-21eb05651bfb}</UniqueIdentifier>
    </Filter>
    <Filter Include="Game\Visitor">
      <UniqueIdentifier>{24d60809-1f51-4b03-b638-2bb7439100da}</UniqueIdentifier>
    </Filter>
    <Filter Include="Game\Physics">
      <UniqueIdentifier>{ccc93c24-be89-43e7-be0f-bc1c438ac412}</UniqueIdentifier>
    </Filter>
    <Filter Include="Game\UI">
      <UniqueIdentifier>{b229a2ca-2760-45a3-b1e0-388237195f74}</UniqueIdentifier>
    </Filter>
    <Filter Include="NewShunLib\Collision">
      <UniqueIdentifier>{328fa975-e4f0-4645-bd31-dfe6018d7a88}</UniqueIdentifier>
    </Filter>
    <Filter Include="Game\Main">
      <UniqueIdentifier>{f29e0cc4-10f8-401a-9480-49ffc0b5e741}</UniqueIdentifier>
    </Filter>
    <Filter Include="Game\Main\Scene">
      <UniqueIdentifier>{9f8fe074-f208-4de2-a7cb-835219178334}</UniqueIdentifier>
    </Filter>
    <Filter Include="Game\AI">
      <UniqueIdentifier>{3d7a585b-a015-4846-8724-7015167e5836}</UniqueIdentifier>
    </Filter>
    <Filter Include="Game\Object">
      <UniqueIdentifier>{88705e66-604a-402d-92ec-42ef8e360e19}</UniqueIdentifier>
    </Filter>
    <Filter Include="Game\Object\Player">
      <UniqueIdentifier>{97d9aec9-d61c-430d-9d9d-c6a04b8d701e}</UniqueIdentifier>
    </Filter>
    <Filter Include="Game\Object\Player\State">
      <UniqueIdentifier>{269f41d4-93d7-45b0-a17f-9fd955ee7494}</UniqueIdentifier>
    </Filter>
    <Filter Include="Game\Object\Player\Command">
      <UniqueIdentifier>{02ce1ba8-23de-48cf-b65f-efb91faaeace}</UniqueIdentifier>
    </Filter>
    <Filter Include="Game\Object\Base">
      <UniqueIdentifier>{b1d46b8d-552d-42fe-842c-9906d01005b6}</UniqueIdentifier>
    </Filter>
    <Filter Include="Game\Object\Commander">
      <UniqueIdentifier>{2ccab58f-e94c-48ff-8cdb-c1b14424d85c}</UniqueIdentifier>
    </Filter>
    <Filter Include="Game\Object\Commander\State">
      <UniqueIdentifier>{2100a1bd-2af9-4e83-8bc8-adc83b31f5a7}</UniqueIdentifier>
    </Filter>
    <Filter Include="Game\Object\Stage">
      <UniqueIdentifier>{05f1fb05-49ad-450a-92ef-8b65949dea33}</UniqueIdentifier>
    </Filter>
    <Filter Include="Game\Object\DefenseTarget">
      <UniqueIdentifier>{67e5a89d-e6dc-4d7d-bdb2-111829d70d78}</UniqueIdentifier>
    </Filter>
    <Filter Include="Game\Object\Unit">
      <UniqueIdentifier>{8e381dc4-bd49-47f2-be5b-71906a1fefe6}</UniqueIdentifier>
    </Filter>
    <Filter Include="Game\Object\Unit\State">
      <UniqueIdentifier>{a5850ac6-01a4-46c3-bb00-40b7a84e09ee}</UniqueIdentifier>
    </Filter>
    <Filter Include="Game\Object\UnitSummoner">
      <UniqueIdentifier>{0ffdb5bd-a903-487a-95dd-3d4221af6d7d}</UniqueIdentifier>
    </Filter>
    <Filter Include="Game\Object\UnitSummoner\SummonerState">
      <UniqueIdentifier>{af86cee4-88b5-4a36-97bd-4648420f2b59}</UniqueIdentifier>
    </Filter>
    <Filter Include="Game\UI\PlayScene">
      <UniqueIdentifier>{1916a6ec-7da4-4e7d-bcca-035b45da5768}</UniqueIdentifier>
    </Filter>
    <Filter Include="Game\UI\Base">
      <UniqueIdentifier>{da0cbabd-4c35-4163-b62d-bb91bb1b964f}</UniqueIdentifier>
    </Filter>
    <Filter Include="Game\UI\TitleScene">
      <UniqueIdentifier>{142b9a27-b213-4434-b4d4-cc5ffd326ef7}</UniqueIdentifier>
    </Filter>
  </ItemGroup>
  <ItemGroup>
    <ClInclude Include="StepTimer.h" />
    <ClInclude Include="Classes\Game\Scene\PlayScene.h">
      <Filter>Game\Main\Scene</Filter>
    </ClInclude>
    <ClInclude Include="Classes\Object\Player\Player.h">
      <Filter>Game\Object\Player</Filter>
    </ClInclude>
    <ClInclude Include="Classes\Object\Commander\Commander.h">
      <Filter>Game\Object\Commander</Filter>
    </ClInclude>
    <ClInclude Include="Classes\Object\Commander\CommanderMoveState.h">
      <Filter>Game\Object\Commander\State</Filter>
    </ClInclude>
    <ClInclude Include="Classes\Object\Unit\Unit.h">
      <Filter>Game\Object\Unit</Filter>
    </ClInclude>
    <ClInclude Include="Classes\Object\Unit\State\UnitMoveState.h">
      <Filter>Game\Object\Unit\State</Filter>
    </ClInclude>
    <ClInclude Include="Classes\Object\Player\State\PlayerMoveState.h">
      <Filter>Game\Object\Player\State</Filter>
    </ClInclude>
    <ClInclude Include="Classes\Object\StateObject.h">
      <Filter>Game\Object\Base</Filter>
    </ClInclude>
    <ClInclude Include="Classes\Object\ObjectBase.h">
      <Filter>Game\Object\Base</Filter>
    </ClInclude>
    <ClInclude Include="Classes\Object\ObjectConstantNumber.h">
      <Filter>Game\Object\Base</Filter>
    </ClInclude>
    <ClInclude Include="Classes\Object\ObjectFactory.h">
      <Filter>Game\Object\Base</Filter>
    </ClInclude>
    <ClInclude Include="Classes\Physics\PhysicsConstantNumber.h">
      <Filter>Game\Physics</Filter>
    </ClInclude>
    <ClInclude Include="Classes\Object\ObjectParamHolder.h">
      <Filter>Game\Object\Base</Filter>
    </ClInclude>
    <ClInclude Include="Classes\Object\ObjectData.h">
      <Filter>Game\Object\Base</Filter>
    </ClInclude>
    <ClInclude Include="Classes\Physics\Collision\SL_CollisionManager.h">
      <Filter>NewShunLib\Collision</Filter>
    </ClInclude>
    <ClInclude Include="Classes\Physics\Collision\SL_Collider.h">
      <Filter>NewShunLib\Collision</Filter>
    </ClInclude>
    <ClInclude Include="Classes\Util\SL_Camera.h">
      <Filter>Game\Util</Filter>
    </ClInclude>
    <ClInclude Include="Classes\Object\SL_Shape.h">
      <Filter>NewShunLib\Collision</Filter>
    </ClInclude>
    <ClInclude Include="Classes\Util\BasicShapeModelRenderer.h">
      <Filter>Game\Util</Filter>
    </ClInclude>
    <ClInclude Include="Classes\Object\Unit\State\UnitSteadyState.h">
      <Filter>Game\Object\Unit\State</Filter>
    </ClInclude>
    <ClInclude Include="Classes\Util\SL_GamePadManager.h">
      <Filter>Game\Util</Filter>
    </ClInclude>
    <ClInclude Include="Classes\Util\Debugger\DebuggerUI.h">
      <Filter>Game\Util\Debugger</Filter>
    </ClInclude>
    <ClInclude Include="Classes\Util\Debugger\imgui\imconfig.h">
      <Filter>Game\Util\Debugger\imgui</Filter>
    </ClInclude>
    <ClInclude Include="Classes\Util\Debugger\imgui\imgui.h">
      <Filter>Game\Util\Debugger\imgui</Filter>
    </ClInclude>
    <ClInclude Include="Classes\Util\Debugger\imgui\imgui_impl_dx11.h">
      <Filter>Game\Util\Debugger\imgui</Filter>
    </ClInclude>
    <ClInclude Include="Classes\Util\Debugger\imgui\imgui_internal.h">
      <Filter>Game\Util\Debugger\imgui</Filter>
    </ClInclude>
    <ClInclude Include="Classes\Util\Debugger\imgui\stb_rect_pack.h">
      <Filter>Game\Util\Debugger\imgui</Filter>
    </ClInclude>
    <ClInclude Include="Classes\Util\Debugger\imgui\stb_textedit.h">
      <Filter>Game\Util\Debugger\imgui</Filter>
    </ClInclude>
    <ClInclude Include="Classes\Util\Debugger\imgui\stb_truetype.h">
      <Filter>Game\Util\Debugger\imgui</Filter>
    </ClInclude>
    <ClInclude Include="Classes\Object\Unit\State\UnitFlyState.h">
      <Filter>Game\Object\Unit\State</Filter>
    </ClInclude>
    <ClInclude Include="Classes\Object\ObjectStruct.h">
      <Filter>Game\Object\Base</Filter>
    </ClInclude>
    <ClInclude Include="Classes\Object\Stage\Stage.h">
      <Filter>Game\Object\Stage</Filter>
    </ClInclude>
    <ClInclude Include="Classes\Util\Debugger\DebugMacro.h">
      <Filter>Game\Util\Debugger</Filter>
    </ClInclude>
    <ClInclude Include="Classes\Object\Stage\StageObject.h">
      <Filter>Game\Object\Stage</Filter>
    </ClInclude>
    <ClInclude Include="Classes\Util\SL_CameraState.h">
      <Filter>Game\Util</Filter>
    </ClInclude>
    <ClInclude Include="Classes\Object\DefenseTarget\DefenseTarget.h">
      <Filter>Game\Object\DefenseTarget</Filter>
    </ClInclude>
    <ClInclude Include="Classes\Object\Unit\State\UnitRoamState.h">
      <Filter>Game\Object\Unit\State</Filter>
    </ClInclude>
    <ClInclude Include="Classes\Object\Unit\State\UnitAttackState.h">
      <Filter>Game\Object\Unit\State</Filter>
    </ClInclude>
    <ClInclude Include="Classes\Util\Visitor\Visitor.h">
      <Filter>Game\Visitor</Filter>
    </ClInclude>
    <ClInclude Include="Classes\Object\ObjectTransform.h">
      <Filter>Game\Object\Base</Filter>
    </ClInclude>
    <ClInclude Include="Classes\Object\UnitSummoner\UnitSummoner.h">
      <Filter>Game\Object\UnitSummoner</Filter>
    </ClInclude>
    <ClInclude Include="Classes\Object\UnitSummoner\State\SummonerSummonState.h">
      <Filter>Game\Object\UnitSummoner\SummonerState</Filter>
    </ClInclude>
    <ClInclude Include="Classes\Object\UnitSummoner\State\SummonerSteadyState.h">
      <Filter>Game\Object\UnitSummoner\SummonerState</Filter>
    </ClInclude>
    <ClInclude Include="Classes\Object\Unit\State\UnitChaseState.h">
      <Filter>Game\Object\Unit\State</Filter>
    </ClInclude>
    <ClInclude Include="Classes\Object\ObjectModelHolder.h">
      <Filter>Game\Object\Base</Filter>
    </ClInclude>
    <ClInclude Include="Classes\Object\Stage\GroundStage.h">
      <Filter>Game\Object\Stage</Filter>
    </ClInclude>
    <ClInclude Include="Classes\NewShunLib\SL_Node.h">
      <Filter>NewShunLib</Filter>
    </ClInclude>
    <ClInclude Include="Classes\NewShunLib\SL_ObjectNode.h">
      <Filter>NewShunLib</Filter>
    </ClInclude>
    <ClInclude Include="Classes\NewShunLib\SL_ObjectTransform.h">
      <Filter>NewShunLib</Filter>
    </ClInclude>
    <ClInclude Include="Classes\Main\SL_MyStepTimer.h">
      <Filter>Game\Util</Filter>
    </ClInclude>
    <ClInclude Include="Classes\Main\SL_Graphics.h">
      <Filter>Game\Util</Filter>
    </ClInclude>
    <ClInclude Include="Classes\Main\SL_Window.h">
      <Filter>Game\Util</Filter>
    </ClInclude>
    <ClInclude Include="Classes\Game\MyGame.h">
      <Filter>Game\Main</Filter>
    </ClInclude>
    <ClInclude Include="Classes\Game\SL_Application.h">
      <Filter>Game\Main</Filter>
    </ClInclude>
    <ClInclude Include="Classes\Game\Scene\SL_IScene.h">
      <Filter>Game\Main</Filter>
    </ClInclude>
    <ClInclude Include="Classes\Game\Scene\SL_SceneManager.h">
      <Filter>Game\Main</Filter>
    </ClInclude>
    <ClInclude Include="Classes\NewShunLib\SL_ObjectHolder.h">
      <Filter>NewShunLib</Filter>
    </ClInclude>
    <ClInclude Include="Classes\Object\Player\State\PlayerCommand.h">
      <Filter>Game\Object\Player\Command</Filter>
    </ClInclude>
    <ClInclude Include="Classes\Object\Player\State\PlayerKeyCommand.h">
      <Filter>Game\Object\Player\Command</Filter>
    </ClInclude>
    <ClInclude Include="Classes\AI\RRT.h">
      <Filter>Game\AI</Filter>
    </ClInclude>
    <ClInclude Include="Classes\Object\Unit\State\UnitRRTState.h">
      <Filter>Game\Object\Unit\State</Filter>
    </ClInclude>
    <ClInclude Include="Classes\Object\Stage\StandardStage.h">
      <Filter>Game\Object\Stage</Filter>
    </ClInclude>
    <ClInclude Include="Classes\Object\Unit\State\UnitState.h">
      <Filter>Game\Object\Unit\State</Filter>
    </ClInclude>
    <ClInclude Include="Classes\Game\Scene\TitleScene.h">
      <Filter>Game\Main\Scene</Filter>
    </ClInclude>
    <ClInclude Include="Classes\Object\Player\State\PlayerChargeState.h">
      <Filter>Game\Object\Player\State</Filter>
    </ClInclude>
    <ClInclude Include="Classes\Object\Player\State\PlayerState.h">
      <Filter>Game\Object\Player\State</Filter>
    </ClInclude>
    <ClInclude Include="Classes\UI\HPGauge\HPGauge.h">
      <Filter>Game\UI\PlayScene</Filter>
    </ClInclude>
    <ClInclude Include="Classes\UI\PowerGauge\PowerGauge.h">
      <Filter>Game\UI\PlayScene</Filter>
    </ClInclude>
    <ClInclude Include="Classes\UI\ThrowCursor\ThrowCursor.h">
      <Filter>Game\UI\PlayScene</Filter>
    </ClInclude>
    <ClInclude Include="Classes\UI\UI.h">
      <Filter>Game\UI\Base</Filter>
    </ClInclude>
    <ClInclude Include="Classes\UI\UIConstantNumber.h">
      <Filter>Game\UI\Base</Filter>
    </ClInclude>
    <ClInclude Include="Classes\UI\UIManager.h">
      <Filter>Game\UI\Base</Filter>
    </ClInclude>
    <ClInclude Include="Classes\UI\UIResourceHolder.h">
      <Filter>Game\UI\Base</Filter>
    </ClInclude>
    <ClInclude Include="Classes\UI\OptionBoard.h">
      <Filter>Game\UI\TitleScene</Filter>
    </ClInclude>
    <ClInclude Include="Classes\Game\Scene\FadeExecutor.h">
      <Filter>Game\Main</Filter>
    </ClInclude>
  </ItemGroup>
  <ItemGroup>
    <ClCompile Include="Classes\Main\WinMain.cpp" />
    <ClCompile Include="Classes\Game\Scene\PlayScene.cpp">
      <Filter>Game\Main\Scene</Filter>
    </ClCompile>
    <ClCompile Include="Classes\Object\Player\Player.cpp">
      <Filter>Game\Object\Player</Filter>
    </ClCompile>
    <ClCompile Include="Classes\Object\Commander\Commander.cpp">
      <Filter>Game\Object\Commander</Filter>
    </ClCompile>
    <ClCompile Include="Classes\Object\Commander\CommanderMoveState.cpp">
      <Filter>Game\Object\Commander\State</Filter>
    </ClCompile>
    <ClCompile Include="Classes\Object\Unit\Unit.cpp">
      <Filter>Game\Object\Unit</Filter>
    </ClCompile>
    <ClCompile Include="Classes\Object\Unit\State\UnitMoveState.cpp">
      <Filter>Game\Object\Unit\State</Filter>
    </ClCompile>
    <ClCompile Include="Classes\Object\Player\State\PlayerMoveState.cpp">
      <Filter>Game\Object\Player\State</Filter>
    </ClCompile>
    <ClCompile Include="Classes\Object\ObjectBase.cpp">
      <Filter>Game\Object\Base</Filter>
    </ClCompile>
    <ClCompile Include="Classes\Object\ObjectFactory.cpp">
      <Filter>Game\Object\Base</Filter>
    </ClCompile>
    <ClCompile Include="Classes\Object\ObjectParamHolder.cpp">
      <Filter>Game\Object\Base</Filter>
    </ClCompile>
    <ClCompile Include="Classes\Util\SL_Camera.cpp">
      <Filter>Game\Util</Filter>
    </ClCompile>
    <ClCompile Include="Classes\Physics\Collision\SL_Collider.cpp">
      <Filter>NewShunLib\Collision</Filter>
    </ClCompile>
    <ClCompile Include="Classes\Object\SL_Shape.cpp">
      <Filter>NewShunLib\Collision</Filter>
    </ClCompile>
    <ClCompile Include="Classes\Physics\Collision\SL_CollisionManager.cpp">
      <Filter>NewShunLib\Collision</Filter>
    </ClCompile>
    <ClCompile Include="Classes\Util\BasicShapeModelRenderer.cpp">
      <Filter>Game\Util</Filter>
    </ClCompile>
    <ClCompile Include="Classes\Object\Unit\State\UnitSteadyState.cpp">
      <Filter>Game\Object\Unit\State</Filter>
    </ClCompile>
    <ClCompile Include="Classes\Util\Debugger\imgui\imgui.cpp">
      <Filter>Game\Util\Debugger\imgui</Filter>
    </ClCompile>
    <ClCompile Include="Classes\Util\Debugger\imgui\imgui_demo.cpp">
      <Filter>Game\Util\Debugger\imgui</Filter>
    </ClCompile>
    <ClCompile Include="Classes\Util\Debugger\imgui\imgui_draw.cpp">
      <Filter>Game\Util\Debugger\imgui</Filter>
    </ClCompile>
    <ClCompile Include="Classes\Util\Debugger\imgui\imgui_impl_dx11.cpp">
      <Filter>Game\Util\Debugger\imgui</Filter>
    </ClCompile>
    <ClCompile Include="Classes\Object\Unit\State\UnitFlyState.cpp">
      <Filter>Game\Object\Unit\State</Filter>
    </ClCompile>
    <ClCompile Include="Classes\Object\Stage\Stage.cpp">
      <Filter>Game\Object\Stage</Filter>
    </ClCompile>
    <ClCompile Include="Classes\Object\Stage\StageObject.cpp">
      <Filter>Game\Object\Stage</Filter>
    </ClCompile>
    <ClCompile Include="Classes\Util\SL_CameraState.cpp">
      <Filter>Game\Util</Filter>
    </ClCompile>
    <ClCompile Include="Classes\Object\DefenseTarget\DefenseTarget.cpp">
      <Filter>Game\Object\DefenseTarget</Filter>
    </ClCompile>
    <ClCompile Include="Classes\Object\Unit\State\UnitRoamState.cpp">
      <Filter>Game\Object\Unit\State</Filter>
    </ClCompile>
    <ClCompile Include="Classes\Object\Unit\State\UnitAttackState.cpp">
      <Filter>Game\Object\Unit\State</Filter>
    </ClCompile>
    <ClCompile Include="Classes\Util\Visitor\Visitor.cpp">
      <Filter>Game\Visitor</Filter>
    </ClCompile>
    <ClCompile Include="Classes\Object\UnitSummoner\UnitSummoner.cpp">
      <Filter>Game\Object\UnitSummoner</Filter>
    </ClCompile>
    <ClCompile Include="Classes\Object\UnitSummoner\State\SummonerSummonState.cpp">
      <Filter>Game\Object\UnitSummoner\SummonerState</Filter>
    </ClCompile>
    <ClCompile Include="Classes\Object\UnitSummoner\State\SummonerSteadyState.cpp">
      <Filter>Game\Object\UnitSummoner\SummonerState</Filter>
    </ClCompile>
    <ClCompile Include="Classes\Object\Unit\State\UnitChaseState.cpp">
      <Filter>Game\Object\Unit\State</Filter>
    </ClCompile>
    <ClCompile Include="Classes\Object\ObjectConstantNumber.cpp">
      <Filter>Game\Object\Base</Filter>
    </ClCompile>
    <ClCompile Include="Classes\Object\ObjectModelHolder.cpp">
      <Filter>Game\Object\Base</Filter>
    </ClCompile>
    <ClCompile Include="Classes\Object\Stage\GroundStage.cpp">
      <Filter>Game\Object\Stage</Filter>
    </ClCompile>
    <ClCompile Include="Classes\NewShunLib\SL_Node.cpp">
      <Filter>NewShunLib</Filter>
    </ClCompile>
    <ClCompile Include="Classes\NewShunLib\SL_ObjectTransform.cpp">
      <Filter>NewShunLib</Filter>
    </ClCompile>
    <ClCompile Include="Classes\NewShunLib\SL_ObjectNode.cpp">
      <Filter>NewShunLib</Filter>
    </ClCompile>
    <ClCompile Include="Classes\Main\SL_Graphics.cpp">
      <Filter>Game\Util</Filter>
    </ClCompile>
    <ClCompile Include="Classes\Main\SL_Window.cpp">
      <Filter>Game\Util</Filter>
    </ClCompile>
    <ClCompile Include="Classes\Game\MyGame.cpp">
      <Filter>Game\Main</Filter>
    </ClCompile>
    <ClCompile Include="Classes\Game\SL_Application.cpp">
      <Filter>Game\Main</Filter>
    </ClCompile>
    <ClCompile Include="Classes\Game\Scene\SL_SceneManager.cpp">
      <Filter>Game\Main</Filter>
    </ClCompile>
    <ClCompile Include="Classes\NewShunLib\SL_ObjectHolder.cpp">
      <Filter>NewShunLib</Filter>
    </ClCompile>
    <ClCompile Include="Classes\Object\Player\State\PlayerCommand.cpp">
      <Filter>Game\Object\Player\Command</Filter>
    </ClCompile>
    <ClCompile Include="Classes\Object\Player\State\PlayerKeyCommand.cpp">
      <Filter>Game\Object\Player\Command</Filter>
    </ClCompile>
    <ClCompile Include="Classes\Object\Unit\State\UnitRRTState.cpp">
      <Filter>Game\Object\Unit\State</Filter>
    </ClCompile>
    <ClCompile Include="Classes\AI\RRT.cpp">
      <Filter>Game\AI</Filter>
    </ClCompile>
    <ClCompile Include="Classes\Object\Stage\StandardStage.cpp">
      <Filter>Game\Object\Stage</Filter>
    </ClCompile>
    <ClCompile Include="Classes\Physics\Collision\SL_Collision.cpp">
      <Filter>NewShunLib\Collision</Filter>
    </ClCompile>
    <ClCompile Include="Classes\Physics\Collision\SL_Rejection.cpp">
      <Filter>NewShunLib\Collision</Filter>
    </ClCompile>
    <ClCompile Include="Classes\Game\Scene\TitleScene.cpp">
      <Filter>Game\Main\Scene</Filter>
    </ClCompile>
    <ClCompile Include="Classes\Object\Player\State\PlayerChargeState.cpp">
      <Filter>Game\Object\Player\State</Filter>
    </ClCompile>
    <ClCompile Include="Classes\UI\HPGauge\HPGauge.cpp">
      <Filter>Game\UI\PlayScene</Filter>
    </ClCompile>
    <ClCompile Include="Classes\UI\PowerGauge\PowerGauge.cpp">
      <Filter>Game\UI\PlayScene</Filter>
    </ClCompile>
    <ClCompile Include="Classes\UI\ThrowCursor\ThrowCursor.cpp">
      <Filter>Game\UI\PlayScene</Filter>
    </ClCompile>
    <ClCompile Include="Classes\UI\UI.cpp">
      <Filter>Game\UI\Base</Filter>
    </ClCompile>
    <ClCompile Include="Classes\UI\UIConstantNumber.cpp">
      <Filter>Game\UI\Base</Filter>
    </ClCompile>
    <ClCompile Include="Classes\UI\UIManager.cpp">
      <Filter>Game\UI\Base</Filter>
    </ClCompile>
    <ClCompile Include="Classes\UI\UIResourceHolder.cpp">
      <Filter>Game\UI\Base</Filter>
    </ClCompile>
    <ClCompile Include="Classes\UI\OptionBoard.cpp">
      <Filter>Game\UI\TitleScene</Filter>
    </ClCompile>
    <ClCompile Include="Classes\Game\Scene\FadeExecutor.cpp">
      <Filter>Game\Main</Filter>
    </ClCompile>
  </ItemGroup>
  <ItemGroup>
    <ResourceCompile Include="resource.rc" />
  </ItemGroup>
  <ItemGroup>
    <Image Include="directx.ico">
      <Filter>Assets</Filter>
    </Image>
  </ItemGroup>
  <ItemGroup>
    <Manifest Include="settings.manifest">
      <Filter>Assets</Filter>
    </Manifest>
  </ItemGroup>
  <ItemGroup>
    <MeshContentTask Include="Resources\ModelData\Player.FBX">
      <Filter>Assets\Model</Filter>
    </MeshContentTask>
    <MeshContentTask Include="Resources\ModelData\Box.FBX">
      <Filter>Assets\Model</Filter>
    </MeshContentTask>
    <MeshContentTask Include="Resources\ModelData\Ghost.FBX">
      <Filter>Assets\Model</Filter>
    </MeshContentTask>
    <MeshContentTask Include="Resources\ModelData\Tube.FBX">
      <Filter>Assets\Model</Filter>
    </MeshContentTask>
    <MeshContentTask Include="Resources\ModelData\PlayerB.FBX">
      <Filter>Assets\Model</Filter>
    </MeshContentTask>
    <MeshContentTask Include="Resources\ModelData\Tube2.FBX">
      <Filter>Assets\Model</Filter>
    </MeshContentTask>
    <MeshContentTask Include="Resources\ModelData\Ghost2.FBX">
      <Filter>Assets\Model</Filter>
    </MeshContentTask>
    <MeshContentTask Include="Resources\ModelData\Hedora.FBX">
      <Filter>Assets\Model</Filter>
    </MeshContentTask>
    <MeshContentTask Include="Resources\ModelData\Hedora2.FBX">
      <Filter>Assets\Model</Filter>
    </MeshContentTask>
    <MeshContentTask Include="Resources\ModelData\ThrowPoint.FBX">
      <Filter>Assets\Model</Filter>
    </MeshContentTask>
  </ItemGroup>
</Project>